
Microsoft Visual Studio Solution File, Format Version 12.00
# Visual Studio Version 16
VisualStudioVersion = 16.0.29215.179
MinimumVisualStudioVersion = 10.0.40219.1
Project("{FAE04EC0-301F-11D3-BF4B-00C04F79EFBC}") = "Romaji2Kana", "Romaji2Kana\Romaji2Kana.csproj", "{F2CA243D-7DAF-4AD1-A7CE-C597577CE0CD}"
EndProject
Project("{FAE04EC0-301F-11D3-BF4B-00C04F79EFBC}") = "Kana2Romaji", "Kana2Romaji\Kana2Romaji.csproj", "{0F3D30F0-2219-4EF0-8B52-B0EF1B0EFBB3}"
EndProject
Project("{FAE04EC0-301F-11D3-BF4B-00C04F79EFBC}") = "FoxyListener", "FoxyListener\FoxyListener.csproj", "{0E5AFC4A-1181-44F4-9C21-99CF7F500D4C}"
EndProject
Global
	GlobalSection(SolutionConfigurationPlatforms) = preSolution
		Debug|Any CPU = Debug|Any CPU
		Release|Any CPU = Release|Any CPU
	EndGlobalSection
	GlobalSection(ProjectConfigurationPlatforms) = postSolution
		{F2CA243D-7DAF-4AD1-A7CE-C597577CE0CD}.Debug|Any CPU.ActiveCfg = Debug|Any CPU
		{F2CA243D-7DAF-4AD1-A7CE-C597577CE0CD}.Debug|Any CPU.Build.0 = Debug|Any CPU
		{F2CA243D-7DAF-4AD1-A7CE-C597577CE0CD}.Release|Any CPU.ActiveCfg = Release|Any CPU
		{F2CA243D-7DAF-4AD1-A7CE-C597577CE0CD}.Release|Any CPU.Build.0 = Release|Any CPU
		{0F3D30F0-2219-4EF0-8B52-B0EF1B0EFBB3}.Debug|Any CPU.ActiveCfg = Debug|Any CPU
		{0F3D30F0-2219-4EF0-8B52-B0EF1B0EFBB3}.Debug|Any CPU.Build.0 = Debug|Any CPU
		{0F3D30F0-2219-4EF0-8B52-B0EF1B0EFBB3}.Release|Any CPU.ActiveCfg = Release|Any CPU
		{0F3D30F0-2219-4EF0-8B52-B0EF1B0EFBB3}.Release|Any CPU.Build.0 = Release|Any CPU
		{0E5AFC4A-1181-44F4-9C21-99CF7F500D4C}.Debug|Any CPU.ActiveCfg = Debug|Any CPU
		{0E5AFC4A-1181-44F4-9C21-99CF7F500D4C}.Debug|Any CPU.Build.0 = Debug|Any CPU
		{0E5AFC4A-1181-44F4-9C21-99CF7F500D4C}.Release|Any CPU.ActiveCfg = Release|Any CPU
		{0E5AFC4A-1181-44F4-9C21-99CF7F500D4C}.Release|Any CPU.Build.0 = Release|Any CPU
	EndGlobalSection
	GlobalSection(SolutionProperties) = preSolution
		HideSolutionNode = FALSE
	EndGlobalSection
	GlobalSection(ExtensibilityGlobals) = postSolution
		SolutionGuid = {EE845D49-1F36-42F6-A7DE-E90C47D24AB3}
	EndGlobalSection
EndGlobal
